schema: '2.0'
stages:
  train:
    cmd: python3 train.py
    deps:
    - path: models.py
      hash: md5
      md5: 9113a7e61f87b6a931c4e9672bdacb8b
      size: 6456
    - path: optimizer.py
      hash: md5
      md5: f1f16972d6f5762060943b98c3d5cab9
      size: 3456
    - path: params.yaml
      hash: md5
      md5: d7409fb6634ec82968d24dbd0b3dd0b7
      size: 78
    - path: train.py
      hash: md5
      md5: 6af38e54b765f7b68b9d8589807daa3e
      size: 1028
    outs:
    - path: dvclive
      hash: md5
      md5: 3c774c7d99a24ea2b519e0315e3503b8.dir
      size: 92665
      nfiles: 5
