schema: '2.0'
stages:
  train:
    cmd: python3 train.py
    deps:
    - path: models.py
      hash: md5
      md5: 4318d577bce4a8ff20e807bcb7f12d52
      size: 6462
    - path: optimizer.py
      hash: md5
      md5: f1f16972d6f5762060943b98c3d5cab9
      size: 3456
    - path: params.yaml
      hash: md5
      md5: d7409fb6634ec82968d24dbd0b3dd0b7
      size: 78
    - path: train.py
      hash: md5
      md5: 6af38e54b765f7b68b9d8589807daa3e
      size: 1028
    outs:
    - path: dvclive
      hash: md5
      md5: 1e95d0b10ca11c040167f20c72a4aca9.dir
      size: 75499
      nfiles: 5
